Microsoft Visual Studio Solution File, Format Version 11.00
# Visual Studio 2008

Project("{EC90030C-1B43-278B-9270-73C4DF89F269}") = "Project_for_Enixan_(TZ)", "Assembly-CSharp.csproj", "{1CA44942-4537-2D64-AB17-2E117285831F}"
EndProject
Global
	GlobalSection(SolutionConfigurationPlatforms) = preSolution
		Debug|Any CPU = Debug|Any CPU
		Release|Any CPU = Release|Any CPU
	EndGlobalSection
	GlobalSection(ProjectConfigurationPlatforms) = postSolution
		{1CA44942-4537-2D64-AB17-2E117285831F}.Debug|Any CPU.ActiveCfg = Debug|Any CPU
		{1CA44942-4537-2D64-AB17-2E117285831F}.Debug|Any CPU.Build.0 = Debug|Any CPU
		{1CA44942-4537-2D64-AB17-2E117285831F}.Release|Any CPU.ActiveCfg = Release|Any CPU
		{1CA44942-4537-2D64-AB17-2E117285831F}.Release|Any CPU.Build.0 = Release|Any CPU
	EndGlobalSection
	GlobalSection(SolutionProperties) = preSolution
		HideSolutionNode = FALSE
	EndGlobalSection
	GlobalSection(MonoDevelopProperties) = preSolution
		StartupItem = Assembly-CSharp.csproj
	EndGlobalSection
EndGlobal
